
Microsoft Visual Studio Solution File, Format Version 12.00
Project("{FAE04EC0-301F-11D3-BF4B-00C04F79EFBC}") = "CosmosDbCrudApi", "CosmosDbCrudApi\CosmosDbCrudApi.csproj", "{AC0A6A50-EB13-4AA9-8C18-206216BD0F76}"
EndProject
Global
	GlobalSection(SolutionConfigurationPlatforms) = preSolution
		Debug|Any CPU = Debug|Any CPU
		Release|Any CPU = Release|Any CPU
	EndGlobalSection
	GlobalSection(ProjectConfigurationPlatforms) = postSolution
		{AC0A6A50-EB13-4AA9-8C18-206216BD0F76}.Debug|Any CPU.ActiveCfg = Debug|Any CPU
		{AC0A6A50-EB13-4AA9-8C18-206216BD0F76}.Debug|Any CPU.Build.0 = Debug|Any CPU
		{AC0A6A50-EB13-4AA9-8C18-206216BD0F76}.Release|Any CPU.ActiveCfg = Release|Any CPU
		{AC0A6A50-EB13-4AA9-8C18-206216BD0F76}.Release|Any CPU.Build.0 = Release|Any CPU
	EndGlobalSection
EndGlobal
